# This file was autogenerated by uv via the following command:
#    uv pip compile pyproject.toml -o requirements.lock --all-extras
aiohappyeyeballs==2.6.1
    # via aiohttp
aiohttp==3.11.18
    # via web3
aiosignal==1.3.2
    # via aiohttp
annotated-types==0.7.0
    # via pydantic
anyascii==0.3.2
    # via textsearch
anyio==4.9.0
    # via httpx
async-timeout==5.0.1
    # via aiohttp
attrs==25.3.0
    # via aiohttp
backports-tarfile==1.2.0
    # via jaraco-context
bitarray==3.4.2
    # via eth-account
bottle==0.13.3
    # via pywebview
certifi==2025.4.26
    # via
    #   httpcore
    #   httpx
    #   requests
cffi==1.17.1
    # via cryptography
cfgv==3.4.0
    # via pre-commit
charset-normalizer==3.4.2
    # via requests
ckzg==2.1.1
    # via eth-account
cryptography==44.0.2
    # via
    #   plutus-terminal (pyproject.toml)
    #   secretstorage
cytoolz==1.0.1
    # via eth-utils
distlib==0.3.9
    # via virtualenv
eth-abi==5.2.0
    # via
    #   eth-account
    #   web3
eth-account==0.13.7
    # via web3
eth-hash==0.7.1
    # via
    #   eth-utils
    #   web3
eth-keyfile==0.8.1
    # via eth-account
eth-keys==0.7.0
    # via
    #   eth-account
    #   eth-keyfile
eth-rlp==2.2.0
    # via eth-account
eth-typing==5.2.1
    # via
    #   eth-abi
    #   eth-keys
    #   eth-utils
    #   web3
eth-utils==5.3.0
    # via
    #   eth-abi
    #   eth-account
    #   eth-keyfile
    #   eth-keys
    #   eth-rlp
    #   rlp
    #   web3
exceptiongroup==1.3.0
    # via anyio
filelock==3.18.0
    # via virtualenv
frozenlist==1.6.0
    # via
    #   aiohttp
    #   aiosignal
google-re2==1.1.20240702
    # via plutus-terminal (pyproject.toml)
h11==0.16.0
    # via httpcore
hexbytes==1.3.1
    # via
    #   eth-account
    #   eth-rlp
    #   web3
httpcore==1.0.9
    # via httpx
httpx==0.28.1
    # via plutus-terminal (pyproject.toml)
identify==2.6.10
    # via pre-commit
idna==3.10
    # via
    #   anyio
    #   httpx
    #   requests
    #   yarl
importlib-metadata==8.7.0
    # via keyring
isort==6.0.1
    # via plutus-terminal (pyproject.toml)
jaraco-classes==3.4.0
    # via keyring
jaraco-context==6.0.1
    # via keyring
jaraco-functools==4.1.0
    # via keyring
jeepney==0.9.0
    # via
    #   keyring
    #   secretstorage
keyring==25.6.0
    # via plutus-terminal (pyproject.toml)
more-itertools==10.7.0
    # via
    #   jaraco-classes
    #   jaraco-functools
multidict==6.4.4
    # via
    #   aiohttp
    #   yarl
mypy==1.15.0
    # via
    #   plutus-terminal (pyproject.toml)
    #   pyside6-stubs
mypy-extensions==1.1.0
    # via mypy
nodeenv==1.9.1
    # via pre-commit
numpy==2.2.6
    # via
    #   pandas
    #   pandas-stubs
orjson==3.10.16
    # via plutus-terminal (pyproject.toml)
pandas==2.2.3
    # via
    #   plutus-terminal (pyproject.toml)
    #   plutus-lightweight-charts
pandas-stubs==2.2.3.250308
    # via plutus-terminal (pyproject.toml)
parsimonious==0.10.0
    # via eth-abi
peewee==3.17.9
    # via plutus-terminal (pyproject.toml)
platformdirs==4.3.8
    # via virtualenv
plutus-lightweight-charts==2.2.0
    # via plutus-terminal (pyproject.toml)
pre-commit==4.2.0
    # via plutus-terminal (pyproject.toml)
propcache==0.3.1
    # via
    #   aiohttp
    #   yarl
proxy-tools==0.1.0
    # via pywebview
pyahocorasick==2.1.0
    # via textsearch
pycparser==2.22
    # via cffi
pycryptodome==3.23.0
    # via
    #   eth-hash
    #   eth-keyfile
pydantic==2.11.4
    # via
    #   eth-account
    #   eth-utils
    #   web3
pydantic-core==2.33.2
    # via pydantic
pyside6==6.9.0
    # via
    #   plutus-terminal (pyproject.toml)
    #   pyside6-stubs
pyside6-addons==6.9.0
    # via pyside6
pyside6-essentials==6.9.0
    # via
    #   pyside6
    #   pyside6-addons
pyside6-stubs==6.7.3.0
    # via plutus-terminal (pyproject.toml)
python-dateutil==2.9.0.post0
    # via pandas
pytz==2025.2
    # via pandas
pyunormalize==16.0.0
    # via web3
pywebview==5.4
    # via plutus-lightweight-charts
pyyaml==6.0.2
    # via pre-commit
qasync==0.27.1
    # via plutus-terminal (pyproject.toml)
regex==2024.11.6
    # via parsimonious
requests==2.32.3
    # via web3
rlp==4.1.0
    # via
    #   eth-account
    #   eth-rlp
ruff==0.11.6
    # via plutus-terminal (pyproject.toml)
secretstorage==3.3.3
    # via keyring
setproctitle==1.3.5
    # via plutus-terminal (pyproject.toml)
shiboken6==6.9.0
    # via
    #   pyside6
    #   pyside6-addons
    #   pyside6-essentials
six==1.17.0
    # via python-dateutil
sniffio==1.3.1
    # via anyio
tenacity==9.1.2
    # via plutus-terminal (pyproject.toml)
textsearch==0.0.24
    # via plutus-terminal (pyproject.toml)
tomli==2.2.1
    # via mypy
toolz==1.0.0
    # via cytoolz
types-peewee==3.17.9.20250401
    # via plutus-terminal (pyproject.toml)
types-pytz==2025.2.0.20250516
    # via pandas-stubs
types-requests==2.32.0.20250515
    # via web3
typing-extensions==4.13.2
    # via
    #   anyio
    #   eth-rlp
    #   eth-typing
    #   exceptiongroup
    #   multidict
    #   mypy
    #   pydantic
    #   pydantic-core
    #   pywebview
    #   typing-inspection
    #   web3
typing-inspection==0.4.1
    # via pydantic
tzdata==2025.2
    # via pandas
urllib3==2.4.0
    # via
    #   requests
    #   types-requests
virtualenv==20.31.2
    # via pre-commit
web3==7.10.0
    # via plutus-terminal (pyproject.toml)
websockets==15.0.1
    # via web3
yarl==1.20.0
    # via aiohttp
zipp==3.21.0
    # via importlib-metadata
